
Microsoft Visual Studio Solution File, Format Version 12.00
# Visual Studio Version 16
VisualStudioVersion = 16.0.29519.87
MinimumVisualStudioVersion = 10.0.40219.1
Project("{FAE04EC0-301F-11D3-BF4B-00C04F79EFBC}") = "ConsoleApp15", "ConsoleApp15\ConsoleApp15.csproj", "{27E7D425-E19B-45ED-8807-3EDDB9E437BE}"
EndProject
Global
	GlobalSection(SolutionConfigurationPlatforms) = preSolution
		Debug|Any CPU = Debug|Any CPU
		Release|Any CPU = Release|Any CPU
	EndGlobalSection
	GlobalSection(ProjectConfigurationPlatforms) = postSolution
		{27E7D425-E19B-45ED-8807-3EDDB9E437BE}.Debug|Any CPU.ActiveCfg = Debug|Any CPU
		{27E7D425-E19B-45ED-8807-3EDDB9E437BE}.Debug|Any CPU.Build.0 = Debug|Any CPU
		{27E7D425-E19B-45ED-8807-3EDDB9E437BE}.Release|Any CPU.ActiveCfg = Release|Any CPU
		{27E7D425-E19B-45ED-8807-3EDDB9E437BE}.Release|Any CPU.Build.0 = Release|Any CPU
	EndGlobalSection
	GlobalSection(SolutionProperties) = preSolution
		HideSolutionNode = FALSE
	EndGlobalSection
	GlobalSection(ExtensibilityGlobals) = postSolution
		SolutionGuid = {4ABFA486-0E9E-403E-A475-96F31C5F9D6D}
	EndGlobalSection
EndGlobal
